
Microsoft Visual Studio Solution File, Format Version 12.00
# Visual Studio 15
VisualStudioVersion = 15.0.27703.2042
MinimumVisualStudioVersion = 10.0.40219.1
Project("{FAE04EC0-301F-11D3-BF4B-00C04F79EFBC}") = "MvcIntro_WU18", "MvcIntro_WU18\MvcIntro_WU18.csproj", "{3AB6A714-EA5E-4416-8C78-A9912FF1C758}"
EndProject
Global
	GlobalSection(SolutionConfigurationPlatforms) = preSolution
		Debug|Any CPU = Debug|Any CPU
		Release|Any CPU = Release|Any CPU
	EndGlobalSection
	GlobalSection(ProjectConfigurationPlatforms) = postSolution
		{3AB6A714-EA5E-4416-8C78-A9912FF1C758}.Debug|Any CPU.ActiveCfg = Debug|Any CPU
		{3AB6A714-EA5E-4416-8C78-A9912FF1C758}.Debug|Any CPU.Build.0 = Debug|Any CPU
		{3AB6A714-EA5E-4416-8C78-A9912FF1C758}.Release|Any CPU.ActiveCfg = Release|Any CPU
		{3AB6A714-EA5E-4416-8C78-A9912FF1C758}.Release|Any CPU.Build.0 = Release|Any CPU
	EndGlobalSection
	GlobalSection(SolutionProperties) = preSolution
		HideSolutionNode = FALSE
	EndGlobalSection
	GlobalSection(ExtensibilityGlobals) = postSolution
		SolutionGuid = {DD6FE9B4-EAA6-453F-A7B4-D0477D93E275}
	EndGlobalSection
EndGlobal
